// !$*UTF8*$!
{
	archiveVersion = 1;
	classes = {
	};
	objectVersion = 46;
	objects = {

/* Begin PBXBuildFile section */
		3518AE9A1CE4C7BB00F86184 /* CPImageControllerProtocol.swift in Sources */ = {isa = PBXBuildFile; fileRef = 3518AE991CE4C7BB00F86184 /* CPImageControllerProtocol.swift */; };
		353941711CDDF47F0044FD7C /* CPImageViewer.framework in Frameworks */ = {isa = PBXBuildFile; fileRef = 353941671CDDF47E0044FD7C /* CPImageViewer.framework */; };
		353941781CDDF47F0044FD7C /* CPImageViewerTests.swift in Sources */ = {isa = PBXBuildFile; fileRef = 353941771CDDF47F0044FD7C /* CPImageViewerTests.swift */; };
		353941851CDDF57A0044FD7C /* CPImageViewerViewController.swift in Sources */ = {isa = PBXBuildFile; fileRef = 3553DFA41C8EFE4000BCB077 /* CPImageViewerViewController.swift */; };
		353941861CDDF57B0044FD7C /* CPImageViewerAnimator.swift in Sources */ = {isa = PBXBuildFile; fileRef = 3553DFA21C8EFE4000BCB077 /* CPImageViewerAnimator.swift */; };
		353941871CDDF57B0044FD7C /* CPImageViewerAnimationTransition.swift in Sources */ = {isa = PBXBuildFile; fileRef = 3553DFA11C8EFE4000BCB077 /* CPImageViewerAnimationTransition.swift */; };
		353941881CDDF57B0044FD7C /* CPImageViewerInteractiveTransition.swift in Sources */ = {isa = PBXBuildFile; fileRef = 3553DFA31C8EFE4000BCB077 /* CPImageViewerInteractiveTransition.swift */; };
		355DB03D1D8AE2FF00DB2ACF /* CPImageViewer.framework in Frameworks */ = {isa = PBXBuildFile; fileRef = 353941671CDDF47E0044FD7C /* CPImageViewer.framework */; };
		355DB03E1D8AE2FF00DB2ACF /* CPImageViewer.framework in Embed Frameworks */ = {isa = PBXBuildFile; fileRef = 353941671CDDF47E0044FD7C /* CPImageViewer.framework */; settings = {ATTRIBUTES = (CodeSignOnCopy, RemoveHeadersOnCopy, ); }; };
		35B8E52F1CDDF81900940716 /* CPImageViewer.h in Headers */ = {isa = PBXBuildFile; fileRef = 35B8E52A1CDDF78E00940716 /* CPImageViewer.h */; settings = {ATTRIBUTES = (Public, ); }; };
		35DEA4151C8BAC3000869EDC /* CollectionViewCell.swift in Sources */ = {isa = PBXBuildFile; fileRef = 35DEA4141C8BAC3000869EDC /* CollectionViewCell.swift */; };
		9501F8F61C81467C004A8814 /* CollectionViewController.swift in Sources */ = {isa = PBXBuildFile; fileRef = 9501F8F51C81467C004A8814 /* CollectionViewController.swift */; };
		95C55F781C81304900BD0E89 /* ViewController.swift in Sources */ = {isa = PBXBuildFile; fileRef = 95C55F761C81304900BD0E89 /* ViewController.swift */; };
		95C55F791C81304900BD0E89 /* GeneralViewController.swift in Sources */ = {isa = PBXBuildFile; fileRef = 95C55F771C81304900BD0E89 /* GeneralViewController.swift */; };
		95C55F7F1C81313A00BD0E89 /* TableViewController.swift in Sources */ = {isa = PBXBuildFile; fileRef = 95C55F7E1C81313A00BD0E89 /* TableViewController.swift */; };
		95C55F841C81394800BD0E89 /* Main.storyboard in Resources */ = {isa = PBXBuildFile; fileRef = 95C55F821C81394800BD0E89 /* Main.storyboard */; };
		95D3A3131C71E26F003A750C /* AppDelegate.swift in Sources */ = {isa = PBXBuildFile; fileRef = 95D3A3121C71E26F003A750C /* AppDelegate.swift */; };
		95D3A31A1C71E270003A750C /* Assets.xcassets in Resources */ = {isa = PBXBuildFile; fileRef = 95D3A3191C71E270003A750C /* Assets.xcassets */; };
		95D3A31D1C71E270003A750C /* LaunchScreen.storyboard in Resources */ = {isa = PBXBuildFile; fileRef = 95D3A31B1C71E270003A750C /* LaunchScreen.storyboard */; };
/* End PBXBuildFile section */

/* Begin PBXContainerItemProxy section */
		353941721CDDF47F0044FD7C /* PBXContainerItemProxy */ = {
			isa = PBXContainerItemProxy;
			containerPortal = 95D3A3071C71E26E003A750C /* Project object */;
			proxyType = 1;
			remoteGlobalIDString = 353941661CDDF47E0044FD7C;
			remoteInfo = CPImageViewer;
		};
		353941741CDDF47F0044FD7C /* PBXContainerItemProxy */ = {
			isa = PBXContainerItemProxy;
			containerPortal = 95D3A3071C71E26E003A750C /* Project object */;
			proxyType = 1;
			remoteGlobalIDString = 95D3A30E1C71E26F003A750C;
			remoteInfo = CPImageViewerExample;
		};
		355DB03F1D8AE30000DB2ACF /* PBXContainerItemProxy */ = {
			isa = PBXContainerItemProxy;
			containerPortal = 95D3A3071C71E26E003A750C /* Project object */;
			proxyType = 1;
			remoteGlobalIDString = 353941661CDDF47E0044FD7C;
			remoteInfo = CPImageViewer;
		};
/* End PBXContainerItemProxy section */

/* Begin PBXCopyFilesBuildPhase section */
		355DB0411D8AE30000DB2ACF /* Embed Frameworks */ = {
			isa = PBXCopyFilesBuildPhase;
			buildActionMask = 2147483647;
			dstPath = "";
			dstSubfolderSpec = 10;
			files = (
				355DB03E1D8AE2FF00DB2ACF /* CPImageViewer.framework in Embed Frameworks */,
			);
			name = "Embed Frameworks";
			runOnlyForDeploymentPostprocessing = 0;
		};
/* End PBXCopyFilesBuildPhase section */

/* Begin PBXFileReference section */
		3518AE991CE4C7BB00F86184 /* CPImageControllerProtocol.swift */ = {isa = PBXFileReference; fileEncoding = 4; lastKnownFileType = sourcecode.swift; path = CPImageControllerProtocol.swift; sourceTree = "<group>"; };
		353941671CDDF47E0044FD7C /* CPImageViewer.framework */ = {isa = PBXFileReference; explicitFileType = wrapper.framework; includeInIndex = 0; path = CPImageViewer.framework; sourceTree = BUILT_PRODUCTS_DIR; };
		353941701CDDF47F0044FD7C /* CPImageViewerTests.xctest */ = {isa = PBXFileReference; explicitFileType = wrapper.cfbundle; includeInIndex = 0; path = CPImageViewerTests.xctest; sourceTree = BUILT_PRODUCTS_DIR; };
		353941771CDDF47F0044FD7C /* CPImageViewerTests.swift */ = {isa = PBXFileReference; lastKnownFileType = sourcecode.swift; path = CPImageViewerTests.swift; sourceTree = "<group>"; };
		353941791CDDF47F0044FD7C /* Info.plist */ = {isa = PBXFileReference; lastKnownFileType = text.plist.xml; path = Info.plist; sourceTree = "<group>"; };
		3553DFA11C8EFE4000BCB077 /* CPImageViewerAnimationTransition.swift */ = {isa = PBXFileReference; fileEncoding = 4; lastKnownFileType = sourcecode.swift; path = CPImageViewerAnimationTransition.swift; sourceTree = "<group>"; };
		3553DFA21C8EFE4000BCB077 /* CPImageViewerAnimator.swift */ = {isa = PBXFileReference; fileEncoding = 4; lastKnownFileType = sourcecode.swift; path = CPImageViewerAnimator.swift; sourceTree = "<group>"; };
		3553DFA31C8EFE4000BCB077 /* CPImageViewerInteractiveTransition.swift */ = {isa = PBXFileReference; fileEncoding = 4; lastKnownFileType = sourcecode.swift; path = CPImageViewerInteractiveTransition.swift; sourceTree = "<group>"; };
		3553DFA41C8EFE4000BCB077 /* CPImageViewerViewController.swift */ = {isa = PBXFileReference; fileEncoding = 4; lastKnownFileType = sourcecode.swift; path = CPImageViewerViewController.swift; sourceTree = "<group>"; };
		35B8E52A1CDDF78E00940716 /* CPImageViewer.h */ = {isa = PBXFileReference; fileEncoding = 4; lastKnownFileType = sourcecode.c.h; name = CPImageViewer.h; path = Classes/CPImageViewer.h; sourceTree = SOURCE_ROOT; };
		35B8E5311CDDF94900940716 /* Info.plist */ = {isa = PBXFileReference; fileEncoding = 4; lastKnownFileType = text.plist.xml; path = Info.plist; sourceTree = "<group>"; };
		35B8E5351CDE244700940716 /* Info.plist */ = {isa = PBXFileReference; fileEncoding = 4; lastKnownFileType = text.plist.xml; name = Info.plist; path = Classes/Info.plist; sourceTree = SOURCE_ROOT; };
		35DEA4141C8BAC3000869EDC /* CollectionViewCell.swift */ = {isa = PBXFileReference; fileEncoding = 4; lastKnownFileType = sourcecode.swift; path = CollectionViewCell.swift; sourceTree = "<group>"; };
		9501F8F51C81467C004A8814 /* CollectionViewController.swift */ = {isa = PBXFileReference; fileEncoding = 4; lastKnownFileType = sourcecode.swift; path = CollectionViewController.swift; sourceTree = "<group>"; };
		95C55F761C81304900BD0E89 /* ViewController.swift */ = {isa = PBXFileReference; fileEncoding = 4; lastKnownFileType = sourcecode.swift; path = ViewController.swift; sourceTree = "<group>"; };
		95C55F771C81304900BD0E89 /* GeneralViewController.swift */ = {isa = PBXFileReference; fileEncoding = 4; lastKnownFileType = sourcecode.swift; path = GeneralViewController.swift; sourceTree = "<group>"; };
		95C55F7E1C81313A00BD0E89 /* TableViewController.swift */ = {isa = PBXFileReference; fileEncoding = 4; lastKnownFileType = sourcecode.swift; path = TableViewController.swift; sourceTree = "<group>"; };
		95C55F831C81394800BD0E89 /* Base */ = {isa = PBXFileReference; lastKnownFileType = file.storyboard; name = Base; path = CPImageViewer/Base.lproj/Main.storyboard; sourceTree = "<group>"; };
		95D3A30F1C71E26F003A750C /* CPImageViewerExample.app */ = {isa = PBXFileReference; explicitFileType = wrapper.application; includeInIndex = 0; path = CPImageViewerExample.app; sourceTree = BUILT_PRODUCTS_DIR; };
		95D3A3121C71E26F003A750C /* AppDelegate.swift */ = {isa = PBXFileReference; lastKnownFileType = sourcecode.swift; path = AppDelegate.swift; sourceTree = "<group>"; };
		95D3A3191C71E270003A750C /* Assets.xcassets */ = {isa = PBXFileReference; lastKnownFileType = folder.assetcatalog; path = Assets.xcassets; sourceTree = "<group>"; };
		95D3A31C1C71E270003A750C /* Base */ = {isa = PBXFileReference; lastKnownFileType = file.storyboard; name = Base; path = Base.lproj/LaunchScreen.storyboard; sourceTree = "<group>"; };
/* End PBXFileReference section */

/* Begin PBXFrameworksBuildPhase section */
		353941631CDDF47E0044FD7C /* Frameworks */ = {
			isa = PBXFrameworksBuildPhase;
			buildActionMask = 2147483647;
			files = (
			);
			runOnlyForDeploymentPostprocessing = 0;
		};
		3539416D1CDDF47F0044FD7C /* Frameworks */ = {
			isa = PBXFrameworksBuildPhase;
			buildActionMask = 2147483647;
			files = (
				353941711CDDF47F0044FD7C /* CPImageViewer.framework in Frameworks */,
			);
			runOnlyForDeploymentPostprocessing = 0;
		};
		95D3A30C1C71E26F003A750C /* Frameworks */ = {
			isa = PBXFrameworksBuildPhase;
			buildActionMask = 2147483647;
			files = (
				355DB03D1D8AE2FF00DB2ACF /* CPImageViewer.framework in Frameworks */,
			);
			runOnlyForDeploymentPostprocessing = 0;
		};
/* End PBXFrameworksBuildPhase section */

/* Begin PBXGroup section */
		353941681CDDF47F0044FD7C /* CPImageViewer */ = {
			isa = PBXGroup;
			children = (
				35B8E5351CDE244700940716 /* Info.plist */,
				35B8E52A1CDDF78E00940716 /* CPImageViewer.h */,
				3553DFA01C8EFE4000BCB077 /* Classes */,
			);
			path = CPImageViewer;
			sourceTree = "<group>";
		};
		353941761CDDF47F0044FD7C /* CPImageViewerTests */ = {
			isa = PBXGroup;
			children = (
				353941771CDDF47F0044FD7C /* CPImageViewerTests.swift */,
				353941791CDDF47F0044FD7C /* Info.plist */,
			);
			path = CPImageViewerTests;
			sourceTree = "<group>";
		};
		3553DFA01C8EFE4000BCB077 /* Classes */ = {
			isa = PBXGroup;
			children = (
				3553DFA41C8EFE4000BCB077 /* CPImageViewerViewController.swift */,
				3553DFA21C8EFE4000BCB077 /* CPImageViewerAnimator.swift */,
				3553DFA11C8EFE4000BCB077 /* CPImageViewerAnimationTransition.swift */,
				3553DFA31C8EFE4000BCB077 /* CPImageViewerInteractiveTransition.swift */,
				3518AE991CE4C7BB00F86184 /* CPImageControllerProtocol.swift */,
			);
			name = Classes;
			path = ../Classes;
			sourceTree = "<group>";
		};
		95D3A3061C71E26E003A750C = {
			isa = PBXGroup;
			children = (
				95D3A3111C71E26F003A750C /* CPImageViewerExample */,
				353941681CDDF47F0044FD7C /* CPImageViewer */,
				353941761CDDF47F0044FD7C /* CPImageViewerTests */,
				95D3A3101C71E26F003A750C /* Products */,
			);
			sourceTree = "<group>";
		};
		95D3A3101C71E26F003A750C /* Products */ = {
			isa = PBXGroup;
			children = (
				95D3A30F1C71E26F003A750C /* CPImageViewerExample.app */,
				353941671CDDF47E0044FD7C /* CPImageViewer.framework */,
				353941701CDDF47F0044FD7C /* CPImageViewerTests.xctest */,
			);
			name = Products;
			sourceTree = "<group>";
		};
		95D3A3111C71E26F003A750C /* CPImageViewerExample */ = {
			isa = PBXGroup;
			children = (
				95D3A3121C71E26F003A750C /* AppDelegate.swift */,
				95C55F761C81304900BD0E89 /* ViewController.swift */,
				95C55F771C81304900BD0E89 /* GeneralViewController.swift */,
				95C55F7E1C81313A00BD0E89 /* TableViewController.swift */,
				9501F8F51C81467C004A8814 /* CollectionViewController.swift */,
				35DEA4141C8BAC3000869EDC /* CollectionViewCell.swift */,
				95D3A3191C71E270003A750C /* Assets.xcassets */,
				95D3A31B1C71E270003A750C /* LaunchScreen.storyboard */,
				95C55F821C81394800BD0E89 /* Main.storyboard */,
				35B8E5311CDDF94900940716 /* Info.plist */,
			);
			name = CPImageViewerExample;
			path = CPImageViewer;
			sourceTree = "<group>";
		};
/* End PBXGroup section */

/* Begin PBXHeadersBuildPhase section */
		353941641CDDF47E0044FD7C /* Headers */ = {
			isa = PBXHeadersBuildPhase;
			buildActionMask = 2147483647;
			files = (
				35B8E52F1CDDF81900940716 /* CPImageViewer.h in Headers */,
			);
			runOnlyForDeploymentPostprocessing = 0;
		};
/* End PBXHeadersBuildPhase section */

/* Begin PBXNativeTarget section */
		353941661CDDF47E0044FD7C /* CPImageViewer */ = {
			isa = PBXNativeTarget;
			buildConfigurationList = 3539417E1CDDF47F0044FD7C /* Build configuration list for PBXNativeTarget "CPImageViewer" */;
			buildPhases = (
				353941621CDDF47E0044FD7C /* Sources */,
				353941631CDDF47E0044FD7C /* Frameworks */,
				353941641CDDF47E0044FD7C /* Headers */,
				35B8E5361CDE245700940716 /* Resources */,
			);
			buildRules = (
			);
			dependencies = (
			);
			name = CPImageViewer;
			productName = CPImageViewer;
			productReference = 353941671CDDF47E0044FD7C /* CPImageViewer.framework */;
			productType = "com.apple.product-type.framework";
		};
		3539416F1CDDF47F0044FD7C /* CPImageViewerTests */ = {
			isa = PBXNativeTarget;
			buildConfigurationList = 353941821CDDF47F0044FD7C /* Build configuration list for PBXNativeTarget "CPImageViewerTests" */;
			buildPhases = (
				3539416C1CDDF47F0044FD7C /* Sources */,
				3539416D1CDDF47F0044FD7C /* Frameworks */,
				3539416E1CDDF47F0044FD7C /* Resources */,
			);
			buildRules = (
			);
			dependencies = (
				353941731CDDF47F0044FD7C /* PBXTargetDependency */,
				353941751CDDF47F0044FD7C /* PBXTargetDependency */,
			);
			name = CPImageViewerTests;
			productName = CPImageViewerTests;
			productReference = 353941701CDDF47F0044FD7C /* CPImageViewerTests.xctest */;
			productType = "com.apple.product-type.bundle.unit-test";
		};
		95D3A30E1C71E26F003A750C /* CPImageViewerExample */ = {
			isa = PBXNativeTarget;
			buildConfigurationList = 95D3A3211C71E270003A750C /* Build configuration list for PBXNativeTarget "CPImageViewerExample" */;
			buildPhases = (
				95D3A30B1C71E26F003A750C /* Sources */,
				95D3A30C1C71E26F003A750C /* Frameworks */,
				95D3A30D1C71E26F003A750C /* Resources */,
				355DB0411D8AE30000DB2ACF /* Embed Frameworks */,
			);
			buildRules = (
			);
			dependencies = (
				355DB0401D8AE30000DB2ACF /* PBXTargetDependency */,
			);
			name = CPImageViewerExample;
			productName = CPImageViewer;
			productReference = 95D3A30F1C71E26F003A750C /* CPImageViewerExample.app */;
			productType = "com.apple.product-type.application";
		};
/* End PBXNativeTarget section */

/* Begin PBXProject section */
		95D3A3071C71E26E003A750C /* Project object */ = {
			isa = PBXProject;
			attributes = {
				LastSwiftUpdateCheck = 0730;
				LastUpgradeCheck = 0920;
				ORGANIZATIONNAME = cp3hnu;
				TargetAttributes = {
					353941661CDDF47E0044FD7C = {
						CreatedOnToolsVersion = 7.3;
						DevelopmentTeam = RJF3498JFC;
						LastSwiftMigration = 0800;
						ProvisioningStyle = Automatic;
					};
					3539416F1CDDF47F0044FD7C = {
						CreatedOnToolsVersion = 7.3;
						LastSwiftMigration = 0920;
						TestTargetID = 95D3A30E1C71E26F003A750C;
					};
					95D3A30E1C71E26F003A750C = {
						CreatedOnToolsVersion = 7.1.1;
						DevelopmentTeam = RJF3498JFC;
						LastSwiftMigration = 0800;
						ProvisioningStyle = Automatic;
					};
				};
			};
			buildConfigurationList = 95D3A30A1C71E26E003A750C /* Build configuration list for PBXProject "CPImageViewer" */;
			compatibilityVersion = "Xcode 3.2";
			developmentRegion = English;
			hasScannedForEncodings = 0;
			knownRegions = (
				en,
				Base,
			);
			mainGroup = 95D3A3061C71E26E003A750C;
			productRefGroup = 95D3A3101C71E26F003A750C /* Products */;
			projectDirPath = "";
			projectRoot = "";
			targets = (
				95D3A30E1C71E26F003A750C /* CPImageViewerExample */,
				353941661CDDF47E0044FD7C /* CPImageViewer */,
				3539416F1CDDF47F0044FD7C /* CPImageViewerTests */,
			);
		};
/* End PBXProject section */

/* Begin PBXResourcesBuildPhase section */
		3539416E1CDDF47F0044FD7C /* Resources */ = {
			isa = PBXResourcesBuildPhase;
			buildActionMask = 2147483647;
			files = (
			);
			runOnlyForDeploymentPostprocessing = 0;
		};
		35B8E5361CDE245700940716 /* Resources */ = {
			isa = PBXResourcesBuildPhase;
			buildActionMask = 2147483647;
			files = (
			);
			runOnlyForDeploymentPostprocessing = 0;
		};
		95D3A30D1C71E26F003A750C /* Resources */ = {
			isa = PBXResourcesBuildPhase;
			buildActionMask = 2147483647;
			files = (
				95C55F841C81394800BD0E89 /* Main.storyboard in Resources */,
				95D3A31D1C71E270003A750C /* LaunchScreen.storyboard in Resources */,
				95D3A31A1C71E270003A750C /* Assets.xcassets in Resources */,
			);
			runOnlyForDeploymentPostprocessing = 0;
		};
/* End PBXResourcesBuildPhase section */

/* Begin PBXSourcesBuildPhase section */
		353941621CDDF47E0044FD7C /* Sources */ = {
			isa = PBXSourcesBuildPhase;
			buildActionMask = 2147483647;
			files = (
				353941881CDDF57B0044FD7C /* CPImageViewerInteractiveTransition.swift in Sources */,
				353941871CDDF57B0044FD7C /* CPImageViewerAnimationTransition.swift in Sources */,
				3518AE9A1CE4C7BB00F86184 /* CPImageControllerProtocol.swift in Sources */,
				353941851CDDF57A0044FD7C /* CPImageViewerViewController.swift in Sources */,
				353941861CDDF57B0044FD7C /* CPImageViewerAnimator.swift in Sources */,
			);
			runOnlyForDeploymentPostprocessing = 0;
		};
		3539416C1CDDF47F0044FD7C /* Sources */ = {
			isa = PBXSourcesBuildPhase;
			buildActionMask = 2147483647;
			files = (
				353941781CDDF47F0044FD7C /* CPImageViewerTests.swift in Sources */,
			);
			runOnlyForDeploymentPostprocessing = 0;
		};
		95D3A30B1C71E26F003A750C /* Sources */ = {
			isa = PBXSourcesBuildPhase;
			buildActionMask = 2147483647;
			files = (
				9501F8F61C81467C004A8814 /* CollectionViewController.swift in Sources */,
				95C55F7F1C81313A00BD0E89 /* TableViewController.swift in Sources */,
				95C55F781C81304900BD0E89 /* ViewController.swift in Sources */,
				95C55F791C81304900BD0E89 /* GeneralViewController.swift in Sources */,
				95D3A3131C71E26F003A750C /* AppDelegate.swift in Sources */,
				35DEA4151C8BAC3000869EDC /* CollectionViewCell.swift in Sources */,
			);
			runOnlyForDeploymentPostprocessing = 0;
		};
/* End PBXSourcesBuildPhase section */

/* Begin PBXTargetDependency section */
		353941731CDDF47F0044FD7C /* PBXTargetDependency */ = {
			isa = PBXTargetDependency;
			target = 353941661CDDF47E0044FD7C /* CPImageViewer */;
			targetProxy = 353941721CDDF47F0044FD7C /* PBXContainerItemProxy */;
		};
		353941751CDDF47F0044FD7C /* PBXTargetDependency */ = {
			isa = PBXTargetDependency;
			target = 95D3A30E1C71E26F003A750C /* CPImageViewerExample */;
			targetProxy = 353941741CDDF47F0044FD7C /* PBXContainerItemProxy */;
		};
		355DB0401D8AE30000DB2ACF /* PBXTargetDependency */ = {
			isa = PBXTargetDependency;
			target = 353941661CDDF47E0044FD7C /* CPImageViewer */;
			targetProxy = 355DB03F1D8AE30000DB2ACF /* PBXContainerItemProxy */;
		};
/* End PBXTargetDependency section */

/* Begin PBXVariantGroup section */
		95C55F821C81394800BD0E89 /* Main.storyboard */ = {
			isa = PBXVariantGroup;
			children = (
				95C55F831C81394800BD0E89 /* Base */,
			);
			name = Main.storyboard;
			path = ..;
			sourceTree = "<group>";
		};
		95D3A31B1C71E270003A750C /* LaunchScreen.storyboard */ = {
			isa = PBXVariantGroup;
			children = (
				95D3A31C1C71E270003A750C /* Base */,
			);
			name = LaunchScreen.storyboard;
			sourceTree = "<group>";
		};
/* End PBXVariantGroup section */

/* Begin XCBuildConfiguration section */
		3539417F1CDDF47F0044FD7C /* Debug */ = {
			isa = XCBuildConfiguration;
			buildSettings = {
				APPLICATION_EXTENSION_API_ONLY = YES;
				CLANG_ANALYZER_NONNULL = YES;
				CODE_SIGN_IDENTITY = "iPhone Developer";
				"CODE_SIGN_IDENTITY[sdk=iphoneos*]" = "";
				CURRENT_PROJECT_VERSION = 1;
				DEFINES_MODULE = YES;
				DEVELOPMENT_TEAM = RJF3498JFC;
				DYLIB_COMPATIBILITY_VERSION = 1;
				DYLIB_CURRENT_VERSION = 1;
				DYLIB_INSTALL_NAME_BASE = "@rpath";
				INFOPLIST_FILE = Classes/Info.plist;
				INSTALL_PATH = "$(LOCAL_LIBRARY_DIR)/Frameworks";
				IPHONEOS_DEPLOYMENT_TARGET = 8.0;
				LD_RUNPATH_SEARCH_PATHS = "$(inherited) @executable_path/Frameworks @loader_path/Frameworks";
				PRODUCT_BUNDLE_IDENTIFIER = com.datayp.CPImageViewerKit;
				PRODUCT_NAME = "$(TARGET_NAME)";
				SKIP_INSTALL = YES;
				SWIFT_VERSION = 4.0;
				TARGETED_DEVICE_FAMILY = "1,2";
				VERSION_INFO_PREFIX = "";
			};
			name = Debug;
		};
		353941801CDDF47F0044FD7C /* Release */ = {
			isa = XCBuildConfiguration;
			buildSettings = {
				APPLICATION_EXTENSION_API_ONLY = YES;
				CLANG_ANALYZER_NONNULL = YES;
				CODE_SIGN_IDENTITY = "iPhone Developer";
				"CODE_SIGN_IDENTITY[sdk=iphoneos*]" = "";
				CURRENT_PROJECT_VERSION = 1;
				DEFINES_MODULE = YES;
				DEVELOPMENT_TEAM = RJF3498JFC;
				DYLIB_COMPATIBILITY_VERSION = 1;
				DYLIB_CURRENT_VERSION = 1;
				DYLIB_INSTALL_NAME_BASE = "@rpath";
				INFOPLIST_FILE = Classes/Info.plist;
				INSTALL_PATH = "$(LOCAL_LIBRARY_DIR)/Frameworks";
				IPHONEOS_DEPLOYMENT_TARGET = 8.0;
				LD_RUNPATH_SEARCH_PATHS = "$(inherited) @executable_path/Frameworks @loader_path/Frameworks";
				PRODUCT_BUNDLE_IDENTIFIER = com.datayp.CPImageViewerKit;
				PRODUCT_NAME = "$(TARGET_NAME)";
				SKIP_INSTALL = YES;
				SWIFT_VERSION = 4.0;
				TARGETED_DEVICE_FAMILY = "1,2";
				VERSION_INFO_PREFIX = "";
			};
			name = Release;
		};
		353941831CDDF47F0044FD7C /* Debug */ = {
			isa = XCBuildConfiguration;
			buildSettings = {
				CLANG_ANALYZER_NONNULL = YES;
				INFOPLIST_FILE = CPImageViewerTests/Info.plist;
				IPHONEOS_DEPLOYMENT_TARGET = 9.3;
				LD_RUNPATH_SEARCH_PATHS = "$(inherited) @executable_path/Frameworks @loader_path/Frameworks";
				PRODUCT_BUNDLE_IDENTIFIER = com.zte.CPImageViewerTests;
				PRODUCT_NAME = "$(TARGET_NAME)";
				SWIFT_SWIFT3_OBJC_INFERENCE = On;
				SWIFT_VERSION = 4.0;
				TEST_HOST = "$(BUILT_PRODUCTS_DIR)/CPImageViewerExample.app/CPImageViewerExample";
			};
			name = Debug;
		};
		353941841CDDF47F0044FD7C /* Release */ = {
			isa = XCBuildConfiguration;
			buildSettings = {
				CLANG_ANALYZER_NONNULL = YES;
				INFOPLIST_FILE = CPImageViewerTests/Info.plist;
				IPHONEOS_DEPLOYMENT_TARGET = 9.3;
				LD_RUNPATH_SEARCH_PATHS = "$(inherited) @executable_path/Frameworks @loader_path/Frameworks";
				PRODUCT_BUNDLE_IDENTIFIER = com.zte.CPImageViewerTests;
				PRODUCT_NAME = "$(TARGET_NAME)";
				SWIFT_SWIFT3_OBJC_INFERENCE = On;
				SWIFT_VERSION = 4.0;
				TEST_HOST = "$(BUILT_PRODUCTS_DIR)/CPImageViewerExample.app/CPImageViewerExample";
			};
			name = Release;
		};
		95D3A31F1C71E270003A750C /* Debug */ = {
			isa = XCBuildConfiguration;
			buildSettings = {
				ALWAYS_SEARCH_USER_PATHS = NO;
				CLANG_CXX_LANGUAGE_STANDARD = "gnu++0x";
				CLANG_CXX_LIBRARY = "libc++";
				CLANG_ENABLE_MODULES = YES;
				CLANG_ENABLE_OBJC_ARC = YES;
				CLANG_WARN_BLOCK_CAPTURE_AUTORELEASING = YES;
				CLANG_WARN_BOOL_CONVERSION = YES;
				CLANG_WARN_COMMA = YES;
				CLANG_WARN_CONSTANT_CONVERSION = YES;
				CLANG_WARN_DIRECT_OBJC_ISA_USAGE = YES_ERROR;
				CLANG_WARN_EMPTY_BODY = YES;
				CLANG_WARN_ENUM_CONVERSION = YES;
				CLANG_WARN_INFINITE_RECURSION = YES;
				CLANG_WARN_INT_CONVERSION = YES;
				CLANG_WARN_NON_LITERAL_NULL_CONVERSION = YES;
				CLANG_WARN_OBJC_LITERAL_CONVERSION = YES;
				CLANG_WARN_OBJC_ROOT_CLASS = YES_ERROR;
				CLANG_WARN_RANGE_LOOP_ANALYSIS = YES;
				CLANG_WARN_STRICT_PROTOTYPES = YES;
				CLANG_WARN_SUSPICIOUS_MOVE = YES;
				CLANG_WARN_UNREACHABLE_CODE = YES;
				CLANG_WARN__DUPLICATE_METHOD_MATCH = YES;
				"CODE_SIGN_IDENTITY[sdk=iphoneos*]" = "iPhone Developer";
				COPY_PHASE_STRIP = NO;
				CURRENT_PROJECT_VERSION = 167;
				DEBUG_INFORMATION_FORMAT = dwarf;
				ENABLE_STRICT_OBJC_MSGSEND = YES;
				ENABLE_TESTABILITY = YES;
				GCC_C_LANGUAGE_STANDARD = gnu99;
				GCC_DYNAMIC_NO_PIC = NO;
				GCC_NO_COMMON_BLOCKS = YES;
				GCC_OPTIMIZATION_LEVEL = 0;
				GCC_PREPROCESSOR_DEFINITIONS = (
					"DEBUG=1",
					"$(inherited)",
				);
				GCC_WARN_64_TO_32_BIT_CONVERSION = YES;
				GCC_WARN_ABOUT_RETURN_TYPE = YES_ERROR;
				GCC_WARN_UNDECLARED_SELECTOR = YES;
				GCC_WARN_UNINITIALIZED_AUTOS = YES_AGGRESSIVE;
				GCC_WARN_UNUSED_FUNCTION = YES;
				GCC_WARN_UNUSED_VARIABLE = YES;
				IPHONEOS_DEPLOYMENT_TARGET = 9.1;
				MTL_ENABLE_DEBUG_INFO = YES;
				ONLY_ACTIVE_ARCH = YES;
				SDKROOT = iphoneos;
				SWIFT_OPTIMIZATION_LEVEL = "-Onone";
				VERSIONING_SYSTEM = "apple-generic";
			};
			name = Debug;
		};
		95D3A3201C71E270003A750C /* Release */ = {
			isa = XCBuildConfiguration;
			buildSettings = {
				ALWAYS_SEARCH_USER_PATHS = NO;
				CLANG_CXX_LANGUAGE_STANDARD = "gnu++0x";
				CLANG_CXX_LIBRARY = "libc++";
				CLANG_ENABLE_MODULES = YES;
				CLANG_ENABLE_OBJC_ARC = YES;
				CLANG_WARN_BLOCK_CAPTURE_AUTORELEASING = YES;
				CLANG_WARN_BOOL_CONVERSION = YES;
				CLANG_WARN_COMMA = YES;
				CLANG_WARN_CONSTANT_CONVERSION = YES;
				CLANG_WARN_DIRECT_OBJC_ISA_USAGE = YES_ERROR;
				CLANG_WARN_EMPTY_BODY = YES;
				CLANG_WARN_ENUM_CONVERSION = YES;
				CLANG_WARN_INFINITE_RECURSION = YES;
				CLANG_WARN_INT_CONVERSION = YES;
				CLANG_WARN_NON_LITERAL_NULL_CONVERSION = YES;
				CLANG_WARN_OBJC_LITERAL_CONVERSION = YES;
				CLANG_WARN_OBJC_ROOT_CLASS = YES_ERROR;
				CLANG_WARN_RANGE_LOOP_ANALYSIS = YES;
				CLANG_WARN_STRICT_PROTOTYPES = YES;
				CLANG_WARN_SUSPICIOUS_MOVE = YES;
				CLANG_WARN_UNREACHABLE_CODE = YES;
				CLANG_WARN__DUPLICATE_METHOD_MATCH = YES;
				"CODE_SIGN_IDENTITY[sdk=iphoneos*]" = "iPhone Developer";
				COPY_PHASE_STRIP = NO;
				CURRENT_PROJECT_VERSION = 167;
				DEBUG_INFORMATION_FORMAT = "dwarf-with-dsym";
				ENABLE_NS_ASSERTIONS = NO;
				ENABLE_STRICT_OBJC_MSGSEND = YES;
				GCC_C_LANGUAGE_STANDARD = gnu99;
				GCC_NO_COMMON_BLOCKS = YES;
				GCC_WARN_64_TO_32_BIT_CONVERSION = YES;
				GCC_WARN_ABOUT_RETURN_TYPE = YES_ERROR;
				GCC_WARN_UNDECLARED_SELECTOR = YES;
				GCC_WARN_UNINITIALIZED_AUTOS = YES_AGGRESSIVE;
				GCC_WARN_UNUSED_FUNCTION = YES;
				GCC_WARN_UNUSED_VARIABLE = YES;
				IPHONEOS_DEPLOYMENT_TARGET = 9.1;
				MTL_ENABLE_DEBUG_INFO = NO;
				SDKROOT = iphoneos;
				SWIFT_OPTIMIZATION_LEVEL = "-Owholemodule";
				VALIDATE_PRODUCT = YES;
				VERSIONING_SYSTEM = "apple-generic";
			};
			name = Release;
		};
		95D3A3221C71E270003A750C /* Debug */ = {
			isa = XCBuildConfiguration;
			buildSettings = {
				ALWAYS_EMBED_SWIFT_STANDARD_LIBRARIES = YES;
				ASSETCATALOG_COMPILER_APPICON_NAME = AppIcon;
				CODE_SIGN_IDENTITY = "iPhone Developer";
				"CODE_SIGN_IDENTITY[sdk=iphoneos*]" = "iPhone Developer";
				CODE_SIGN_RESOURCE_RULES_PATH = "";
				CURRENT_PROJECT_VERSION = 167;
				DEVELOPMENT_TEAM = RJF3498JFC;
				INFOPLIST_FILE = CPImageViewer/Info.plist;
				IPHONEOS_DEPLOYMENT_TARGET = 8.0;
				LD_RUNPATH_SEARCH_PATHS = "$(inherited) @executable_path/Frameworks";
				PRODUCT_BUNDLE_IDENTIFIER = com.datayp.CPImageViewer;
				PRODUCT_NAME = "$(TARGET_NAME)";
				PROVISIONING_PROFILE = "";
				SWIFT_VERSION = 4.0;
			};
			name = Debug;
		};
		95D3A3231C71E270003A750C /* Release */ = {
			isa = XCBuildConfiguration;
			buildSettings = {
				ALWAYS_EMBED_SWIFT_STANDARD_LIBRARIES = YES;
				ASSETCATALOG_COMPILER_APPICON_NAME = AppIcon;
				CODE_SIGN_IDENTITY = "iPhone Developer";
				"CODE_SIGN_IDENTITY[sdk=iphoneos*]" = "iPhone Developer";
				CODE_SIGN_RESOURCE_RULES_PATH = "";
				CURRENT_PROJECT_VERSION = 167;
				DEVELOPMENT_TEAM = RJF3498JFC;
				INFOPLIST_FILE = CPImageViewer/Info.plist;
				IPHONEOS_DEPLOYMENT_TARGET = 8.0;
				LD_RUNPATH_SEARCH_PATHS = "$(inherited) @executable_path/Frameworks";
				PRODUCT_BUNDLE_IDENTIFIER = com.datayp.CPImageViewer;
				PRODUCT_NAME = "$(TARGET_NAME)";
				PROVISIONING_PROFILE = "";
				SWIFT_VERSION = 4.0;
			};
			name = Release;
		};
/* End XCBuildConfiguration section */

/* Begin XCConfigurationList section */
		3539417E1CDDF47F0044FD7C /* Build configuration list for PBXNativeTarget "CPImageViewer" */ = {
			isa = XCConfigurationList;
			buildConfigurations = (
				3539417F1CDDF47F0044FD7C /* Debug */,
				353941801CDDF47F0044FD7C /* Release */,
			);
			defaultConfigurationIsVisible = 0;
			defaultConfigurationName = Release;
		};
		353941821CDDF47F0044FD7C /* Build configuration list for PBXNativeTarget "CPImageViewerTests" */ = {
			isa = XCConfigurationList;
			buildConfigurations = (
				353941831CDDF47F0044FD7C /* Debug */,
				353941841CDDF47F0044FD7C /* Release */,
			);
			defaultConfigurationIsVisible = 0;
			defaultConfigurationName = Release;
		};
		95D3A30A1C71E26E003A750C /* Build configuration list for PBXProject "CPImageViewer" */ = {
			isa = XCConfigurationList;
			buildConfigurations = (
				95D3A31F1C71E270003A750C /* Debug */,
				95D3A3201C71E270003A750C /* Release */,
			);
			defaultConfigurationIsVisible = 0;
			defaultConfigurationName = Release;
		};
		95D3A3211C71E270003A750C /* Build configuration list for PBXNativeTarget "CPImageViewerExample" */ = {
			isa = XCConfigurationList;
			buildConfigurations = (
				95D3A3221C71E270003A750C /* Debug */,
				95D3A3231C71E270003A750C /* Release */,
			);
			defaultConfigurationIsVisible = 0;
			defaultConfigurationName = Release;
		};
/* End XCConfigurationList section */
	};
	rootObject = 95D3A3071C71E26E003A750C /* Project object */;
}
